PODS:
  - DynamicBinder (0.1.0)
  - Nimble (5.1.1)
  - Quick (1.0.0)

DEPENDENCIES:
  - DynamicBinder (from `../`)
  - Nimble (~> 5.1.1)
  - Quick (~> 1.0.0)

EXTERNAL SOURCES:
  DynamicBinder:
    :path: ../

SPEC CHECKSUMS:
  DynamicBinder: 58d73e45b489b7b7bc35b3fbb9abb401972c7400
  Nimble: 415e3aa3267e7bc2c96b05fa814ddea7bb686a29
  Quick: 8024e4a47e6cc03a9d5245ef0948264fc6d27cff

PODFILE CHECKSUM: 3684b70c036315bac7aff5bba89fab5180e2eb0e

COCOAPODS: 1.3.1
